
Microsoft Visual Studio Solution File, Format Version 12.00
# Visual Studio 2013
VisualStudioVersion = 12.0.40629.0
MinimumVisualStudioVersion = 10.0.40219.1
Project("{FAE04EC0-301F-11D3-BF4B-00C04F79EFBC}") = "Task1ToTask5AndTask8Northwind", "Task1ToTask5AndTask8Northwind\Task1ToTask5AndTask8Northwind.csproj", "{A18AF6FA-0731-47C2-BA72-6287D24D04F1}"
EndProject
Project("{FAE04EC0-301F-11D3-BF4B-00C04F79EFBC}") = "Task6AndTask7Excell", "Task6AndTask7Excell\Task6AndTask7Excell.csproj", "{6D11A2FC-3DA5-4DA4-AB45-59D9AF1ADCC2}"
EndProject
Project("{FAE04EC0-301F-11D3-BF4B-00C04F79EFBC}") = "Task9MySQL", "Task9MySQL\Task9MySQL.csproj", "{1EBD2D44-7B3E-4A31-9AC3-F32F42A966AB}"
EndProject
Project("{FAE04EC0-301F-11D3-BF4B-00C04F79EFBC}") = "Task10SQLite", "Task10SQLite\Task10SQLite.csproj", "{FE5E5DA4-49FC-438C-B8DE-9CB54AA6AC5E}"
EndProject
Global
	GlobalSection(SolutionConfigurationPlatforms) = preSolution
		Debug|Any CPU = Debug|Any CPU
		Release|Any CPU = Release|Any CPU
	EndGlobalSection
	GlobalSection(ProjectConfigurationPlatforms) = postSolution
		{A18AF6FA-0731-47C2-BA72-6287D24D04F1}.Debug|Any CPU.ActiveCfg = Debug|Any CPU
		{A18AF6FA-0731-47C2-BA72-6287D24D04F1}.Debug|Any CPU.Build.0 = Debug|Any CPU
		{A18AF6FA-0731-47C2-BA72-6287D24D04F1}.Release|Any CPU.ActiveCfg = Release|Any CPU
		{A18AF6FA-0731-47C2-BA72-6287D24D04F1}.Release|Any CPU.Build.0 = Release|Any CPU
		{6D11A2FC-3DA5-4DA4-AB45-59D9AF1ADCC2}.Debug|Any CPU.ActiveCfg = Debug|Any CPU
		{6D11A2FC-3DA5-4DA4-AB45-59D9AF1ADCC2}.Debug|Any CPU.Build.0 = Debug|Any CPU
		{6D11A2FC-3DA5-4DA4-AB45-59D9AF1ADCC2}.Release|Any CPU.ActiveCfg = Release|Any CPU
		{6D11A2FC-3DA5-4DA4-AB45-59D9AF1ADCC2}.Release|Any CPU.Build.0 = Release|Any CPU
		{1EBD2D44-7B3E-4A31-9AC3-F32F42A966AB}.Debug|Any CPU.ActiveCfg = Debug|Any CPU
		{1EBD2D44-7B3E-4A31-9AC3-F32F42A966AB}.Debug|Any CPU.Build.0 = Debug|Any CPU
		{1EBD2D44-7B3E-4A31-9AC3-F32F42A966AB}.Release|Any CPU.ActiveCfg = Release|Any CPU
		{1EBD2D44-7B3E-4A31-9AC3-F32F42A966AB}.Release|Any CPU.Build.0 = Release|Any CPU
		{FE5E5DA4-49FC-438C-B8DE-9CB54AA6AC5E}.Debug|Any CPU.ActiveCfg = Debug|Any CPU
		{FE5E5DA4-49FC-438C-B8DE-9CB54AA6AC5E}.Debug|Any CPU.Build.0 = Debug|Any CPU
		{FE5E5DA4-49FC-438C-B8DE-9CB54AA6AC5E}.Release|Any CPU.ActiveCfg = Release|Any CPU
		{FE5E5DA4-49FC-438C-B8DE-9CB54AA6AC5E}.Release|Any CPU.Build.0 = Release|Any CPU
	EndGlobalSection
	GlobalSection(SolutionProperties) = preSolution
		HideSolutionNode = FALSE
	EndGlobalSection
EndGlobal
